
Microsoft Visual Studio Solution File, Format Version 12.00
# Visual Studio Version 17
VisualStudioVersion = 17.4.33213.308
MinimumVisualStudioVersion = 10.0.40219.1
Project("{FAE04EC0-301F-11D3-BF4B-00C04F79EFBC}") = "Day of the week", "Day of the week.csproj", "{5248DD11-BB64-42E2-AAE9-8C73C05C7C1F}"
EndProject
Global
	GlobalSection(SolutionConfigurationPlatforms) = preSolution
		Debug|Any CPU = Debug|Any CPU
		Release|Any CPU = Release|Any CPU
	EndGlobalSection
	GlobalSection(ProjectConfigurationPlatforms) = postSolution
		{5248DD11-BB64-42E2-AAE9-8C73C05C7C1F}.Debug|Any CPU.ActiveCfg = Debug|Any CPU
		{5248DD11-BB64-42E2-AAE9-8C73C05C7C1F}.Debug|Any CPU.Build.0 = Debug|Any CPU
		{5248DD11-BB64-42E2-AAE9-8C73C05C7C1F}.Release|Any CPU.ActiveCfg = Release|Any CPU
		{5248DD11-BB64-42E2-AAE9-8C73C05C7C1F}.Release|Any CPU.Build.0 = Release|Any CPU
	EndGlobalSection
	GlobalSection(SolutionProperties) = preSolution
		HideSolutionNode = FALSE
	EndGlobalSection
	GlobalSection(ExtensibilityGlobals) = postSolution
		SolutionGuid = {C5681A67-8ECA-4DC2-B998-44DBBA0AB959}
	EndGlobalSection
EndGlobal
